# THIS IS AN AUTOGENERATED FILE. DO NOT EDIT THIS FILE DIRECTLY.
# yarn lockfile v1


"@nger/decorator@^1.1.10", "@nger/decorator@^1.1.8":
  version "1.1.10"
  resolved "https://registry.yarnpkg.com/@nger/decorator/-/decorator-1.1.10.tgz#9ee3624745dcb7ad27bad946954c74139742253c"
  integrity sha512-iSAssCdylABHmtLMAGpXw6fUs9Cc2T+A7oPFqLJYCbnmio+RigY3zuTWuAJsNKNLeEs+fncbmLm58nqgPH1ApQ==
  dependencies:
    reflect-metadata "^0.1.13"

"@nger/di@^1.4.4":
  version "1.4.4"
  resolved "https://registry.yarnpkg.com/@nger/di/-/di-1.4.4.tgz#47f9ea33929e49a473076cbbdeed9fa74fc1d590"
  integrity sha512-TtT5/kO8XuJZJX3V8/BYIdCI4ozrT6e50T9wURA1Pg2agpTTpkaIQVZjZFuTBC+ZV2FxhDXcRbUJ9kkKrVg7gg==
  dependencies:
    "@nger/decorator" "^1.1.8"

reflect-metadata@^0.1.13:
  version "0.1.13"
  resolved "https://registry.yarnpkg.com/reflect-metadata/-/reflect-metadata-0.1.13.tgz#67ae3ca57c972a2aa1642b10fe363fe32d49dc08"
  integrity sha512-Ts1Y/anZELhSsjMcU605fU9RE4Oi3p5ORujwbIKXfWa+0Zxs510Qrmrce5/Jowq3cHSZSJqBjypxmHarc+vEWg==

rxjs@^6.5.3:
  version "6.5.3"
  resolved "https://registry.yarnpkg.com/rxjs/-/rxjs-6.5.3.tgz#510e26317f4db91a7eb1de77d9dd9ba0a4899a3a"
  integrity sha512-wuYsAYYFdWTAnAaPoKGNhfpWwKZbJW+HgAJ+mImp+Epl7BG8oNWBCTyRM8gba9k4lk8BgWdoYm21Mo/RYhhbgA==
  dependencies:
    tslib "^1.9.0"

tslib@^1.9.0:
  version "1.10.0"
  resolved "https://registry.yarnpkg.com/tslib/-/tslib-1.10.0.tgz#c3c19f95973fb0a62973fb09d90d961ee43e5c8a"
  integrity sha512-qOebF53frne81cf0S9B41ByenJ3/IuH8yJKngAX35CmiZySA0khhkovshKK+jGCaMnVomla7gVlIcc3EvKPbTQ==
